
Microsoft Visual Studio Solution File, Format Version 12.00
# Visual Studio Version 16
VisualStudioVersion = 16.0.29806.167
MinimumVisualStudioVersion = 10.0.40219.1
Project("{FAE04EC0-301F-11D3-BF4B-00C04F79EFBC}") = "DatabaseCompareTool", "DatabaseCompareTool\DatabaseCompareTool.csproj", "{F542D5E8-09CE-4145-9E21-F87FAD01C54D}"
EndProject
Project("{FAE04EC0-301F-11D3-BF4B-00C04F79EFBC}") = "DatabaseCompareToolTests", "DatabaseCompareToolTests\DatabaseCompareToolTests.csproj", "{2116A5CE-03C8-4921-BAB1-368C2BEBA637}"
EndProject
Global
	GlobalSection(SolutionConfigurationPlatforms) = preSolution
		Debug|Any CPU = Debug|Any CPU
		Release|Any CPU = Release|Any CPU
	EndGlobalSection
	GlobalSection(ProjectConfigurationPlatforms) = postSolution
		{F542D5E8-09CE-4145-9E21-F87FAD01C54D}.Debug|Any CPU.ActiveCfg = Debug|Any CPU
		{F542D5E8-09CE-4145-9E21-F87FAD01C54D}.Debug|Any CPU.Build.0 = Debug|Any CPU
		{F542D5E8-09CE-4145-9E21-F87FAD01C54D}.Release|Any CPU.ActiveCfg = Release|Any CPU
		{F542D5E8-09CE-4145-9E21-F87FAD01C54D}.Release|Any CPU.Build.0 = Release|Any CPU
		{2116A5CE-03C8-4921-BAB1-368C2BEBA637}.Debug|Any CPU.ActiveCfg = Debug|Any CPU
		{2116A5CE-03C8-4921-BAB1-368C2BEBA637}.Debug|Any CPU.Build.0 = Debug|Any CPU
		{2116A5CE-03C8-4921-BAB1-368C2BEBA637}.Release|Any CPU.ActiveCfg = Release|Any CPU
		{2116A5CE-03C8-4921-BAB1-368C2BEBA637}.Release|Any CPU.Build.0 = Release|Any CPU
	EndGlobalSection
	GlobalSection(SolutionProperties) = preSolution
		HideSolutionNode = FALSE
	EndGlobalSection
	GlobalSection(ExtensibilityGlobals) = postSolution
		SolutionGuid = {D9A3AF83-7F98-44A5-91C1-E7352BBFC94A}
	EndGlobalSection
EndGlobal
